
Microsoft Visual Studio Solution File, Format Version 12.00
# Visual Studio 15
VisualStudioVersion = 15.0.27130.2010
MinimumVisualStudioVersion = 10.0.40219.1
Project("{FAE04EC0-301F-11D3-BF4B-00C04F79EFBC}") = "PaymentCalculator.Wpf", "PaymentCalculator.Wpf\PaymentCalculator.Wpf.csproj", "{1BB460C6-C2E9-4603-84BD-0CDDC070A5D8}"
EndProject
Project("{FAE04EC0-301F-11D3-BF4B-00C04F79EFBC}") = "PaymentCalculator.Tests", "PaymentCalculator.Tests\PaymentCalculator.Tests.csproj", "{FFBF6D78-993B-4F28-8ECF-FCB68124DEAC}"
EndProject
Global
	GlobalSection(SolutionConfigurationPlatforms) = preSolution
		Debug|Any CPU = Debug|Any CPU
		Release|Any CPU = Release|Any CPU
	EndGlobalSection
	GlobalSection(ProjectConfigurationPlatforms) = postSolution
		{1BB460C6-C2E9-4603-84BD-0CDDC070A5D8}.Debug|Any CPU.ActiveCfg = Debug|Any CPU
		{1BB460C6-C2E9-4603-84BD-0CDDC070A5D8}.Debug|Any CPU.Build.0 = Debug|Any CPU
		{1BB460C6-C2E9-4603-84BD-0CDDC070A5D8}.Release|Any CPU.ActiveCfg = Release|Any CPU
		{1BB460C6-C2E9-4603-84BD-0CDDC070A5D8}.Release|Any CPU.Build.0 = Release|Any CPU
		{FFBF6D78-993B-4F28-8ECF-FCB68124DEAC}.Debug|Any CPU.ActiveCfg = Debug|Any CPU
		{FFBF6D78-993B-4F28-8ECF-FCB68124DEAC}.Debug|Any CPU.Build.0 = Debug|Any CPU
		{FFBF6D78-993B-4F28-8ECF-FCB68124DEAC}.Release|Any CPU.ActiveCfg = Release|Any CPU
		{FFBF6D78-993B-4F28-8ECF-FCB68124DEAC}.Release|Any CPU.Build.0 = Release|Any CPU
	EndGlobalSection
	GlobalSection(SolutionProperties) = preSolution
		HideSolutionNode = FALSE
	EndGlobalSection
	GlobalSection(ExtensibilityGlobals) = postSolution
		SolutionGuid = {D7A7BF0C-E49A-4591-85A2-1066AB666574}
	EndGlobalSection
EndGlobal
